
Microsoft Visual Studio Solution File, Format Version 12.00
# Visual Studio Version 16
VisualStudioVersion = 16.0.32901.82
MinimumVisualStudioVersion = 10.0.40219.1
Project("{FAE04EC0-301F-11D3-BF4B-00C04F79EFBC}") = "AlvarezBatoBatoPick", "AlvarezBatoBatoPick\AlvarezBatoBatoPick.csproj", "{2D6783F2-F93D-43CC-8A18-DC6FE8C954BA}"
EndProject
Global
	GlobalSection(SolutionConfigurationPlatforms) = preSolution
		Debug|Any CPU = Debug|Any CPU
		Release|Any CPU = Release|Any CPU
	EndGlobalSection
	GlobalSection(ProjectConfigurationPlatforms) = postSolution
		{2D6783F2-F93D-43CC-8A18-DC6FE8C954BA}.Debug|Any CPU.ActiveCfg = Debug|Any CPU
		{2D6783F2-F93D-43CC-8A18-DC6FE8C954BA}.Debug|Any CPU.Build.0 = Debug|Any CPU
		{2D6783F2-F93D-43CC-8A18-DC6FE8C954BA}.Release|Any CPU.ActiveCfg = Release|Any CPU
		{2D6783F2-F93D-43CC-8A18-DC6FE8C954BA}.Release|Any CPU.Build.0 = Release|Any CPU
	EndGlobalSection
	GlobalSection(SolutionProperties) = preSolution
		HideSolutionNode = FALSE
	EndGlobalSection
	GlobalSection(ExtensibilityGlobals) = postSolution
		SolutionGuid = {88C387FE-9795-46B8-898A-E099C8C8DA7C}
	EndGlobalSection
EndGlobal
